<Solution>
  <Folder Name="/01-Basic/">
    <Project Path="01-Basic/01-Basic.csproj" />
  </Folder>
  <Folder Name="/02-SubCommands/" />
  <Folder Name="/03-Validators/" />
  <Folder Name="/04-TabCompletion/" />
  <Folder Name="/05-CustomHelp/" />
  <Folder Name="/06-Solution/" />
  <Project Path="KubePizza.Core/KubePizza.Core.csproj" />
</Solution>
